<?xml version="1.0" encoding="utf-8"?>
<Project ToolsVersion="4.0" xmlns="http://schemas.microsoft.com/developer/msbuild/2003">
  <ItemGroup>
    <Filter Include="Source Files">
      <UniqueIdentifier>{4FC737F1-C7A5-4376-A066-2A32D752A2FF}</UniqueIdentifier>
      <Extensions>cpp;c;cc;cxx;c++;cppm;ixx;def;odl;idl;hpj;bat;asm;asmx</Extensions>
    </Filter>
    <Filter Include="Header Files">
      <UniqueIdentifier>{93995380-89BD-4b04-88EB-625FBE52EBFB}</UniqueIdentifier>
      <Extensions>h;hh;hpp;hxx;h++;hm;inl;inc;ipp;xsd</Extensions>
    </Filter>
    <Filter Include="Resource Files">
      <UniqueIdentifier>{67DA6AB6-F800-4c08-8B7A-83BB121AAD01}</UniqueIdentifier>
      <Extensions>rc;ico;cur;bmp;dlg;rc2;rct;bin;rgs;gif;jpg;jpeg;jpe;resx;tiff;tif;png;wav;mfcribbon-ms</Extensions>
    </Filter>
    <Filter Include="Source Files\GFX">
      <UniqueIdentifier>{1d52693d-22f4-4c6f-8569-70ace5fbc00f}</UniqueIdentifier>
    </Filter>
    <Filter Include="Source Files\GFX\Resources">
      <UniqueIdentifier>{98819399-c166-4ddc-82b7-bc6dcd42a6be}</UniqueIdentifier>
    </Filter>
    <Filter Include="Header Files\GFX">
      <UniqueIdentifier>{12dcb142-d793-47a9-9440-e0bf3209fbcc}</UniqueIdentifier>
    </Filter>
    <Filter Include="Header Files\GFX\Resources">
      <UniqueIdentifier>{7f8574de-5803-4a31-9725-d829073e9523}</UniqueIdentifier>
    </Filter>
    <Filter Include="Source Files\Shaders">
      <UniqueIdentifier>{505ad54d-dde2-4f0e-9a16-43229f1d0f26}</UniqueIdentifier>
    </Filter>
  </ItemGroup>
  <ItemGroup>
    <ClCompile Include="src\Main.cpp">
      <Filter>Source Files</Filter>
    </ClCompile>
    <ClCompile Include="src\GFX\Resources\Texture.cpp">
      <Filter>Source Files\GFX\Resources</Filter>
    </ClCompile>
    <ClCompile Include="src\GFX\gfx_system.cpp">
      <Filter>Source Files\GFX</Filter>
    </ClCompile>
    <ClCompile Include="src\GFX\Windows.cpp">
      <Filter>Source Files\GFX</Filter>
    </ClCompile>
    <ClCompile Include="src\GFX\Resources\FrameBuffer.cpp">
      <Filter>Source Files\GFX\Resources</Filter>
    </ClCompile>
    <ClCompile Include="src\GFX\Resources\Quad.cpp">
      <Filter>Source Files\GFX\Resources</Filter>
    </ClCompile>
    <ClCompile Include="src\GFX\Resources\ShaderProgram.cpp">
      <Filter>Source Files\GFX\Resources</Filter>
    </ClCompile>
  </ItemGroup>
  <ItemGroup>
    <ClInclude Include="src\GFX\gfx_system.hpp">
      <Filter>Header Files\GFX</Filter>
    </ClInclude>
    <ClInclude Include="src\GFX\Window.hpp">
      <Filter>Header Files\GFX</Filter>
    </ClInclude>
    <ClInclude Include="src\GFX\Resources\Texture.hpp">
      <Filter>Header Files\GFX\Resources</Filter>
    </ClInclude>
    <ClInclude Include="src\GFX\Resources\Quad.hpp">
      <Filter>Header Files\GFX\Resources</Filter>
    </ClInclude>
    <ClInclude Include="src\GFX\Resources\ShaderProgram.hpp">
      <Filter>Header Files\GFX\Resources</Filter>
    </ClInclude>
    <ClInclude Include="src\GFX\Resources\FrameBuffer.hpp">
      <Filter>Header Files\GFX\Resources</Filter>
    </ClInclude>
  </ItemGroup>
  <ItemGroup>
    <None Include="src\Shaders\screen.frag">
      <Filter>Source Files\Shaders</Filter>
    </None>
    <None Include="src\Shaders\screen.vert">
      <Filter>Source Files\Shaders</Filter>
    </None>
    <None Include="src\Shaders\quad.frag">
      <Filter>Source Files\Shaders</Filter>
    </None>
    <None Include="src\Shaders\quad.vert">
      <Filter>Source Files\Shaders</Filter>
    </None>
  </ItemGroup>
</Project>